
Microsoft Visual Studio Solution File, Format Version 12.00
# Visual Studio Version 17
VisualStudioVersion = 17.3.32929.385
MinimumVisualStudioVersion = 10.0.40219.1
Project("{2150E333-8FDC-42A3-9474-1A3956D46DE8}") = "src", "src", "{769F9A48-BA90-47DD-824D-63A86A717E6D}"
EndProject
Project("{2150E333-8FDC-42A3-9474-1A3956D46DE8}") = "Building Blocks", "Building Blocks", "{C09172CB-4195-4652-A468-5A7E3AE49963}"
EndProject
Project("{2150E333-8FDC-42A3-9474-1A3956D46DE8}") = "Services", "Services", "{2CD03F47-A139-49DB-9501-7E3A7976FC45}"
EndProject
Project("{2150E333-8FDC-42A3-9474-1A3956D46DE8}") = "Web", "Web", "{150B5ACD-8914-4E50-886A-967FD308FE64}"
EndProject
Project("{2150E333-8FDC-42A3-9474-1A3956D46DE8}") = "Identidade", "Identidade", "{A991CFC8-DEF8-4FBD-A91F-33105DE65452}"
EndProject
Project("{9A19103F-16F7-4668-BE54-9A1E7A4F7556}") = "NSE.Identidade.API", "src\services\NSE.Identidade.API\NSE.Identidade.API.csproj", "{3C40565D-B58A-4E7D-8CB8-ED29052D91C5}"
EndProject
Project("{2150E333-8FDC-42A3-9474-1A3956D46DE8}") = "MVC", "MVC", "{F5DBD7B3-4AA7-4E0E-8D4C-34929038C651}"
EndProject
Project("{9A19103F-16F7-4668-BE54-9A1E7A4F7556}") = "NSE.WebApp.MVC", "src\web\NSE.WebApp.MVC\NSE.WebApp.MVC.csproj", "{22498EC8-FB30-4EEB-B050-FF4E4FC6DC0F}"
EndProject
Project("{2150E333-8FDC-42A3-9474-1A3956D46DE8}") = "Core", "Core", "{4EEB320E-9EEC-4BB8-B5A0-66A8DB22550F}"
EndProject
Project("{9A19103F-16F7-4668-BE54-9A1E7A4F7556}") = "NSE.Core", "src\building blocks\NSE.Core\NSE.Core.csproj", "{6A4DA75C-C04C-4F78-801D-F26F70D165CA}"
EndProject
Project("{2150E333-8FDC-42A3-9474-1A3956D46DE8}") = "Carrinho", "Carrinho", "{6D2EFE9D-173F-4762-9C45-1998A978C9BA}"
EndProject
Project("{2150E333-8FDC-42A3-9474-1A3956D46DE8}") = "Catalogo", "Catalogo", "{74C4D59A-1B9C-4835-8770-A6704F0B75B5}"
EndProject
Project("{2150E333-8FDC-42A3-9474-1A3956D46DE8}") = "Cliente", "Cliente", "{EB37015F-DF1B-4174-A3E0-4AC320B6EBF2}"
EndProject
Project("{2150E333-8FDC-42A3-9474-1A3956D46DE8}") = "Pagamento", "Pagamento", "{99998D3A-4569-4C84-B0F6-50584F67E29A}"
EndProject
Project("{2150E333-8FDC-42A3-9474-1A3956D46DE8}") = "Pedido", "Pedido", "{5D18B407-EFAC-48F1-A087-7419F39A1E9D}"
EndProject
Project("{9A19103F-16F7-4668-BE54-9A1E7A4F7556}") = "NSE.Carrinho.API", "src\services\NSE.Carrinho.API\NSE.Carrinho.API.csproj", "{06675949-A74C-407B-86BB-DF4A4EC90E8F}"
EndProject
Project("{9A19103F-16F7-4668-BE54-9A1E7A4F7556}") = "NSE.Catalogo.API", "src\services\NSE.Catalogo.API\NSE.Catalogo.API.csproj", "{7604073C-D811-4802-A36D-5CA4DEA2786E}"
EndProject
Project("{9A19103F-16F7-4668-BE54-9A1E7A4F7556}") = "NSE.Clientes.API", "src\services\NSE.Clientes.API\NSE.Clientes.API.csproj", "{9329E546-3DD8-49DE-BB70-A2FFFD0FCBB1}"
EndProject
Project("{9A19103F-16F7-4668-BE54-9A1E7A4F7556}") = "NSE.Pagamento.API", "src\services\NSE.Pagamento.API\NSE.Pagamento.API.csproj", "{09AE2F65-C601-4B82-87D6-64096A3CE9C2}"
EndProject
Project("{9A19103F-16F7-4668-BE54-9A1E7A4F7556}") = "NSE.Pedido.API", "src\services\NSE.Pedido.API\NSE.Pedido.API.csproj", "{E2C5A87D-5DC1-4B03-A767-D847CC1F8130}"
EndProject
Project("{2150E333-8FDC-42A3-9474-1A3956D46DE8}") = "Services", "Services", "{DEE2E44F-2E36-439F-9C67-5A1C1C127AD1}"
EndProject
Project("{9A19103F-16F7-4668-BE54-9A1E7A4F7556}") = "NSE.WebApi.Core", "src\building blocks\NSE.WebApi.Core\NSE.WebApi.Core.csproj", "{CE6327AB-E41E-4555-990C-2FFA8C0A8391}"
EndProject
Project("{2150E333-8FDC-42A3-9474-1A3956D46DE8}") = "MessageBus", "MessageBus", "{7DFFE406-3DCB-44E6-955F-643706689D80}"
EndProject
Project("{FAE04EC0-301F-11D3-BF4B-00C04F79EFBC}") = "NSE.MessageBus", "src\building blocks\NSE.MessageBus\NSE.MessageBus.csproj", "{E30762C5-B6D0-4616-8C0A-6673C7451457}"
EndProject
Global
	GlobalSection(SolutionConfigurationPlatforms) = preSolution
		Debug|Any CPU = Debug|Any CPU
		Release|Any CPU = Release|Any CPU
	EndGlobalSection
	GlobalSection(ProjectConfigurationPlatforms) = postSolution
		{3C40565D-B58A-4E7D-8CB8-ED29052D91C5}.Debug|Any CPU.ActiveCfg = Debug|Any CPU
		{3C40565D-B58A-4E7D-8CB8-ED29052D91C5}.Debug|Any CPU.Build.0 = Debug|Any CPU
		{3C40565D-B58A-4E7D-8CB8-ED29052D91C5}.Release|Any CPU.ActiveCfg = Release|Any CPU
		{3C40565D-B58A-4E7D-8CB8-ED29052D91C5}.Release|Any CPU.Build.0 = Release|Any CPU
		{22498EC8-FB30-4EEB-B050-FF4E4FC6DC0F}.Debug|Any CPU.ActiveCfg = Debug|Any CPU
		{22498EC8-FB30-4EEB-B050-FF4E4FC6DC0F}.Debug|Any CPU.Build.0 = Debug|Any CPU
		{22498EC8-FB30-4EEB-B050-FF4E4FC6DC0F}.Release|Any CPU.ActiveCfg = Release|Any CPU
		{22498EC8-FB30-4EEB-B050-FF4E4FC6DC0F}.Release|Any CPU.Build.0 = Release|Any CPU
		{6A4DA75C-C04C-4F78-801D-F26F70D165CA}.Debug|Any CPU.ActiveCfg = Debug|Any CPU
		{6A4DA75C-C04C-4F78-801D-F26F70D165CA}.Debug|Any CPU.Build.0 = Debug|Any CPU
		{6A4DA75C-C04C-4F78-801D-F26F70D165CA}.Release|Any CPU.ActiveCfg = Release|Any CPU
		{6A4DA75C-C04C-4F78-801D-F26F70D165CA}.Release|Any CPU.Build.0 = Release|Any CPU
		{06675949-A74C-407B-86BB-DF4A4EC90E8F}.Debug|Any CPU.ActiveCfg = Debug|Any CPU
		{06675949-A74C-407B-86BB-DF4A4EC90E8F}.Debug|Any CPU.Build.0 = Debug|Any CPU
		{06675949-A74C-407B-86BB-DF4A4EC90E8F}.Release|Any CPU.ActiveCfg = Release|Any CPU
		{06675949-A74C-407B-86BB-DF4A4EC90E8F}.Release|Any CPU.Build.0 = Release|Any CPU
		{7604073C-D811-4802-A36D-5CA4DEA2786E}.Debug|Any CPU.ActiveCfg = Debug|Any CPU
		{7604073C-D811-4802-A36D-5CA4DEA2786E}.Debug|Any CPU.Build.0 = Debug|Any CPU
		{7604073C-D811-4802-A36D-5CA4DEA2786E}.Release|Any CPU.ActiveCfg = Release|Any CPU
		{7604073C-D811-4802-A36D-5CA4DEA2786E}.Release|Any CPU.Build.0 = Release|Any CPU
		{9329E546-3DD8-49DE-BB70-A2FFFD0FCBB1}.Debug|Any CPU.ActiveCfg = Debug|Any CPU
		{9329E546-3DD8-49DE-BB70-A2FFFD0FCBB1}.Debug|Any CPU.Build.0 = Debug|Any CPU
		{9329E546-3DD8-49DE-BB70-A2FFFD0FCBB1}.Release|Any CPU.ActiveCfg = Release|Any CPU
		{9329E546-3DD8-49DE-BB70-A2FFFD0FCBB1}.Release|Any CPU.Build.0 = Release|Any CPU
		{09AE2F65-C601-4B82-87D6-64096A3CE9C2}.Debug|Any CPU.ActiveCfg = Debug|Any CPU
		{09AE2F65-C601-4B82-87D6-64096A3CE9C2}.Debug|Any CPU.Build.0 = Debug|Any CPU
		{09AE2F65-C601-4B82-87D6-64096A3CE9C2}.Release|Any CPU.ActiveCfg = Release|Any CPU
		{09AE2F65-C601-4B82-87D6-64096A3CE9C2}.Release|Any CPU.Build.0 = Release|Any CPU
		{E2C5A87D-5DC1-4B03-A767-D847CC1F8130}.Debug|Any CPU.ActiveCfg = Debug|Any CPU
		{E2C5A87D-5DC1-4B03-A767-D847CC1F8130}.Debug|Any CPU.Build.0 = Debug|Any CPU
		{E2C5A87D-5DC1-4B03-A767-D847CC1F8130}.Release|Any CPU.ActiveCfg = Release|Any CPU
		{E2C5A87D-5DC1-4B03-A767-D847CC1F8130}.Release|Any CPU.Build.0 = Release|Any CPU
		{CE6327AB-E41E-4555-990C-2FFA8C0A8391}.Debug|Any CPU.ActiveCfg = Debug|Any CPU
		{CE6327AB-E41E-4555-990C-2FFA8C0A8391}.Debug|Any CPU.Build.0 = Debug|Any CPU
		{CE6327AB-E41E-4555-990C-2FFA8C0A8391}.Release|Any CPU.ActiveCfg = Release|Any CPU
		{CE6327AB-E41E-4555-990C-2FFA8C0A8391}.Release|Any CPU.Build.0 = Release|Any CPU
		{E30762C5-B6D0-4616-8C0A-6673C7451457}.Debug|Any CPU.ActiveCfg = Debug|Any CPU
		{E30762C5-B6D0-4616-8C0A-6673C7451457}.Debug|Any CPU.Build.0 = Debug|Any CPU
		{E30762C5-B6D0-4616-8C0A-6673C7451457}.Release|Any CPU.ActiveCfg = Release|Any CPU
		{E30762C5-B6D0-4616-8C0A-6673C7451457}.Release|Any CPU.Build.0 = Release|Any CPU
	EndGlobalSection
	GlobalSection(SolutionProperties) = preSolution
		HideSolutionNode = FALSE
	EndGlobalSection
	GlobalSection(NestedProjects) = preSolution
		{C09172CB-4195-4652-A468-5A7E3AE49963} = {769F9A48-BA90-47DD-824D-63A86A717E6D}
		{2CD03F47-A139-49DB-9501-7E3A7976FC45} = {769F9A48-BA90-47DD-824D-63A86A717E6D}
		{150B5ACD-8914-4E50-886A-967FD308FE64} = {769F9A48-BA90-47DD-824D-63A86A717E6D}
		{A991CFC8-DEF8-4FBD-A91F-33105DE65452} = {2CD03F47-A139-49DB-9501-7E3A7976FC45}
		{3C40565D-B58A-4E7D-8CB8-ED29052D91C5} = {A991CFC8-DEF8-4FBD-A91F-33105DE65452}
		{F5DBD7B3-4AA7-4E0E-8D4C-34929038C651} = {150B5ACD-8914-4E50-886A-967FD308FE64}
		{22498EC8-FB30-4EEB-B050-FF4E4FC6DC0F} = {F5DBD7B3-4AA7-4E0E-8D4C-34929038C651}
		{4EEB320E-9EEC-4BB8-B5A0-66A8DB22550F} = {C09172CB-4195-4652-A468-5A7E3AE49963}
		{6A4DA75C-C04C-4F78-801D-F26F70D165CA} = {4EEB320E-9EEC-4BB8-B5A0-66A8DB22550F}
		{6D2EFE9D-173F-4762-9C45-1998A978C9BA} = {2CD03F47-A139-49DB-9501-7E3A7976FC45}
		{74C4D59A-1B9C-4835-8770-A6704F0B75B5} = {2CD03F47-A139-49DB-9501-7E3A7976FC45}
		{EB37015F-DF1B-4174-A3E0-4AC320B6EBF2} = {2CD03F47-A139-49DB-9501-7E3A7976FC45}
		{99998D3A-4569-4C84-B0F6-50584F67E29A} = {2CD03F47-A139-49DB-9501-7E3A7976FC45}
		{5D18B407-EFAC-48F1-A087-7419F39A1E9D} = {2CD03F47-A139-49DB-9501-7E3A7976FC45}
		{06675949-A74C-407B-86BB-DF4A4EC90E8F} = {6D2EFE9D-173F-4762-9C45-1998A978C9BA}
		{7604073C-D811-4802-A36D-5CA4DEA2786E} = {74C4D59A-1B9C-4835-8770-A6704F0B75B5}
		{9329E546-3DD8-49DE-BB70-A2FFFD0FCBB1} = {EB37015F-DF1B-4174-A3E0-4AC320B6EBF2}
		{09AE2F65-C601-4B82-87D6-64096A3CE9C2} = {99998D3A-4569-4C84-B0F6-50584F67E29A}
		{E2C5A87D-5DC1-4B03-A767-D847CC1F8130} = {5D18B407-EFAC-48F1-A087-7419F39A1E9D}
		{DEE2E44F-2E36-439F-9C67-5A1C1C127AD1} = {C09172CB-4195-4652-A468-5A7E3AE49963}
		{CE6327AB-E41E-4555-990C-2FFA8C0A8391} = {DEE2E44F-2E36-439F-9C67-5A1C1C127AD1}
		{7DFFE406-3DCB-44E6-955F-643706689D80} = {C09172CB-4195-4652-A468-5A7E3AE49963}
		{E30762C5-B6D0-4616-8C0A-6673C7451457} = {7DFFE406-3DCB-44E6-955F-643706689D80}
	EndGlobalSection
	GlobalSection(ExtensibilityGlobals) = postSolution
		SolutionGuid = {556A0DB1-8CC2-4AD9-9516-9AE0C48F7C55}
	EndGlobalSection
EndGlobal
